
Microsoft Visual Studio Solution File, Format Version 12.00
# Visual Studio Version 17
VisualStudioVersion = 17.3.32819.101
MinimumVisualStudioVersion = 10.0.40219.1
Project("{FAE04EC0-301F-11D3-BF4B-00C04F79EFBC}") = "SHVFS_P101_GD08_Q3_Hardy", "SHVFS_P101_GD08_Q3_Hardy\SHVFS_P101_GD08_Q3_Hardy.csproj", "{3C7A7B06-5277-4C86-9D36-A1DC26760091}"
EndProject
Global
	GlobalSection(SolutionConfigurationPlatforms) = preSolution
		Debug|Any CPU = Debug|Any CPU
		Release|Any CPU = Release|Any CPU
	EndGlobalSection
	GlobalSection(ProjectConfigurationPlatforms) = postSolution
		{3C7A7B06-5277-4C86-9D36-A1DC26760091}.Debug|Any CPU.ActiveCfg = Debug|Any CPU
		{3C7A7B06-5277-4C86-9D36-A1DC26760091}.Debug|Any CPU.Build.0 = Debug|Any CPU
		{3C7A7B06-5277-4C86-9D36-A1DC26760091}.Release|Any CPU.ActiveCfg = Release|Any CPU
		{3C7A7B06-5277-4C86-9D36-A1DC26760091}.Release|Any CPU.Build.0 = Release|Any CPU
	EndGlobalSection
	GlobalSection(SolutionProperties) = preSolution
		HideSolutionNode = FALSE
	EndGlobalSection
	GlobalSection(ExtensibilityGlobals) = postSolution
		SolutionGuid = {BC6D0620-F9A6-4675-9820-03CF4B496AE0}
	EndGlobalSection
EndGlobal
