
Microsoft Visual Studio Solution File, Format Version 12.00
# Visual Studio Version 17
VisualStudioVersion = 17.3.32819.101
MinimumVisualStudioVersion = 10.0.40219.1
Project("{FAE04EC0-301F-11D3-BF4B-00C04F79EFBC}") = "SHVFS_P101_GD08_Hardy_April", "SHVFS_P101_GD08_Hardy_April\SHVFS_P101_GD08_Hardy_April.csproj", "{7C59B441-A1EB-4B83-9ABA-34A1A7D72C6D}"
EndProject
Global
	GlobalSection(SolutionConfigurationPlatforms) = preSolution
		Debug|Any CPU = Debug|Any CPU
		Release|Any CPU = Release|Any CPU
	EndGlobalSection
	GlobalSection(ProjectConfigurationPlatforms) = postSolution
		{7C59B441-A1EB-4B83-9ABA-34A1A7D72C6D}.Debug|Any CPU.ActiveCfg = Debug|Any CPU
		{7C59B441-A1EB-4B83-9ABA-34A1A7D72C6D}.Debug|Any CPU.Build.0 = Debug|Any CPU
		{7C59B441-A1EB-4B83-9ABA-34A1A7D72C6D}.Release|Any CPU.ActiveCfg = Release|Any CPU
		{7C59B441-A1EB-4B83-9ABA-34A1A7D72C6D}.Release|Any CPU.Build.0 = Release|Any CPU
	EndGlobalSection
	GlobalSection(SolutionProperties) = preSolution
		HideSolutionNode = FALSE
	EndGlobalSection
	GlobalSection(ExtensibilityGlobals) = postSolution
		SolutionGuid = {A43504EA-06D1-4E73-845B-CAE464159296}
	EndGlobalSection
EndGlobal
