
Microsoft Visual Studio Solution File, Format Version 12.00
# Visual Studio Version 17
VisualStudioVersion = 17.3.32819.101
MinimumVisualStudioVersion = 10.0.40219.1
Project("{FAE04EC0-301F-11D3-BF4B-00C04F79EFBC}") = "SHVFS_P101_GD08_C1_Hardy", "SHVFS_P101_GD08_C1_Hardy\SHVFS_P101_GD08_C1_Hardy.csproj", "{07E34C1B-B89C-4588-A039-3C8ED0022529}"
EndProject
Global
	GlobalSection(SolutionConfigurationPlatforms) = preSolution
		Debug|Any CPU = Debug|Any CPU
		Release|Any CPU = Release|Any CPU
	EndGlobalSection
	GlobalSection(ProjectConfigurationPlatforms) = postSolution
		{07E34C1B-B89C-4588-A039-3C8ED0022529}.Debug|Any CPU.ActiveCfg = Debug|Any CPU
		{07E34C1B-B89C-4588-A039-3C8ED0022529}.Debug|Any CPU.Build.0 = Debug|Any CPU
		{07E34C1B-B89C-4588-A039-3C8ED0022529}.Release|Any CPU.ActiveCfg = Release|Any CPU
		{07E34C1B-B89C-4588-A039-3C8ED0022529}.Release|Any CPU.Build.0 = Release|Any CPU
	EndGlobalSection
	GlobalSection(SolutionProperties) = preSolution
		HideSolutionNode = FALSE
	EndGlobalSection
	GlobalSection(ExtensibilityGlobals) = postSolution
		SolutionGuid = {9365109E-FF11-4397-B3D1-E8E3B1EA4A1F}
	EndGlobalSection
EndGlobal
