
Microsoft Visual Studio Solution File, Format Version 12.00
# Visual Studio Version 17
VisualStudioVersion = 17.3.32819.101
MinimumVisualStudioVersion = 10.0.40219.1
Project("{FAE04EC0-301F-11D3-BF4B-00C04F79EFBC}") = "SHVFS_P101_GD08_Q2022-11-10_Hardy", "SHVFS_P101_GD08_Q2022-11-10_Hardy\SHVFS_P101_GD08_Q2022-11-10_Hardy.csproj", "{080D31A5-D7A3-4226-86B7-EC920E96279A}"
EndProject
Global
	GlobalSection(SolutionConfigurationPlatforms) = preSolution
		Debug|Any CPU = Debug|Any CPU
		Release|Any CPU = Release|Any CPU
	EndGlobalSection
	GlobalSection(ProjectConfigurationPlatforms) = postSolution
		{080D31A5-D7A3-4226-86B7-EC920E96279A}.Debug|Any CPU.ActiveCfg = Debug|Any CPU
		{080D31A5-D7A3-4226-86B7-EC920E96279A}.Debug|Any CPU.Build.0 = Debug|Any CPU
		{080D31A5-D7A3-4226-86B7-EC920E96279A}.Release|Any CPU.ActiveCfg = Release|Any CPU
		{080D31A5-D7A3-4226-86B7-EC920E96279A}.Release|Any CPU.Build.0 = Release|Any CPU
	EndGlobalSection
	GlobalSection(SolutionProperties) = preSolution
		HideSolutionNode = FALSE
	EndGlobalSection
	GlobalSection(ExtensibilityGlobals) = postSolution
		SolutionGuid = {BBD4753B-E954-4FEB-BBFF-35BFA18954D2}
	EndGlobalSection
EndGlobal
